
Microsoft Visual Studio Solution File, Format Version 12.00
# Visual Studio Version 17
VisualStudioVersion = 17.9.34723.18
MinimumVisualStudioVersion = 10.0.40219.1
Project("{FAE04EC0-301F-11D3-BF4B-00C04F79EFBC}") = "Hangman", "Hangman\Hangman.csproj", "{D87B82CA-5699-42D9-94F3-549ED011E4AF}"
EndProject
Global
	GlobalSection(SolutionConfigurationPlatforms) = preSolution
		Debug|Any CPU = Debug|Any CPU
		Release|Any CPU = Release|Any CPU
	EndGlobalSection
	GlobalSection(ProjectConfigurationPlatforms) = postSolution
		{D87B82CA-5699-42D9-94F3-549ED011E4AF}.Debug|Any CPU.ActiveCfg = Debug|Any CPU
		{D87B82CA-5699-42D9-94F3-549ED011E4AF}.Debug|Any CPU.Build.0 = Debug|Any CPU
		{D87B82CA-5699-42D9-94F3-549ED011E4AF}.Release|Any CPU.ActiveCfg = Release|Any CPU
		{D87B82CA-5699-42D9-94F3-549ED011E4AF}.Release|Any CPU.Build.0 = Release|Any CPU
	EndGlobalSection
	GlobalSection(SolutionProperties) = preSolution
		HideSolutionNode = FALSE
	EndGlobalSection
	GlobalSection(ExtensibilityGlobals) = postSolution
		SolutionGuid = {EBC7799F-44D3-464D-B331-09CB7F5477D1}
	EndGlobalSection
EndGlobal
